
Microsoft Visual Studio Solution File, Format Version 12.00
# Visual Studio Version 17
VisualStudioVersion = 17.11.35312.102
MinimumVisualStudioVersion = 10.0.40219.1
Project("{2150E333-8FDC-42A3-9474-1A3956D46DE8}") = "Task0", "Task0", "{9B1D6E97-EFB7-4031-8491-0E067E8E7BF2}"
EndProject
Project("{9A19103F-16F7-4668-BE54-9A1E7A4F7556}") = "Tyuiu.KonevaDD.Sprint6.Task0.V13.Lib", "Tyuiu.KonevaDD.Sprint6.Task0.V13.Lib\Tyuiu.KonevaDD.Sprint6.Task0.V13.Lib.csproj", "{CE6D7CC5-FFBE-40FC-A677-5D494FBD21B7}"
EndProject
Project("{9A19103F-16F7-4668-BE54-9A1E7A4F7556}") = "Tyuiu.KonevaDD.Sprint6.Task0.V13.Test", "Tyuiu.KonevaDD.Sprint6.Task0.V13.Test\Tyuiu.KonevaDD.Sprint6.Task0.V13.Test.csproj", "{8EEDB1E1-72B7-4F4B-8FA3-E06E1C568D87}"
EndProject
Project("{9A19103F-16F7-4668-BE54-9A1E7A4F7556}") = "Tyuiu.KonevaDD.Sprint6.Task0.V13", "Tyuiu.KonevaDD.Sprint6.Task0.V13\Tyuiu.KonevaDD.Sprint6.Task0.V13.csproj", "{02D5553F-CE4F-4016-9E03-1AF5CD8987C4}"
EndProject
Project("{2150E333-8FDC-42A3-9474-1A3956D46DE8}") = "Task1", "Task1", "{FE62114F-75E0-491D-A261-489F8AB50FC3}"
EndProject
Project("{9A19103F-16F7-4668-BE54-9A1E7A4F7556}") = "Tyuiu.KonevaDD.Sprint6.Task1.V28", "Tyuiu.KonevaDD.Sprint6.Task1.V28\Tyuiu.KonevaDD.Sprint6.Task1.V28.csproj", "{CD548E82-EF0C-4E36-BFAD-1D2362D28C85}"
EndProject
Project("{9A19103F-16F7-4668-BE54-9A1E7A4F7556}") = "Tyuiu.KonevaDD.Sprint6.Task1.V28.Test", "Tyuiu.KonevaDD.Sprint6.Task1.V28.Test\Tyuiu.KonevaDD.Sprint6.Task1.V28.Test.csproj", "{BB56EFFC-D860-4E34-8EC8-C71BE4184802}"
EndProject
Project("{9A19103F-16F7-4668-BE54-9A1E7A4F7556}") = "Tyuiu.KonevaDD.Sprint6.Task1.V28.Lib", "Tyuiu.KonevaDD.Sprint6.Task1.V28.Lib\Tyuiu.KonevaDD.Sprint6.Task1.V28.Lib.csproj", "{1C7DF75A-E301-4D3D-9829-6A3D8B9184AE}"
EndProject
Project("{2150E333-8FDC-42A3-9474-1A3956D46DE8}") = "Task2", "Task2", "{2BF5E69F-CC7E-4FD0-B9F8-F2BA059773C3}"
EndProject
Project("{9A19103F-16F7-4668-BE54-9A1E7A4F7556}") = "Tyuiu.KonevaDD.Sprint6.Task2.V1", "Tyuiu.KonevaDD.Sprint6.Task2.V1\Tyuiu.KonevaDD.Sprint6.Task2.V1.csproj", "{EB60B944-9E15-4D64-91F8-F7AE7F3A8D40}"
EndProject
Project("{9A19103F-16F7-4668-BE54-9A1E7A4F7556}") = "Tyuiu.KonevaDD.Sprint6.Task2.V1.Lib", "Tyuiu.KonevaDD.Sprint6.Task2.V1.Lib\Tyuiu.KonevaDD.Sprint6.Task2.V1.Lib.csproj", "{2C120183-5110-44F9-9018-67FBED237382}"
EndProject
Project("{9A19103F-16F7-4668-BE54-9A1E7A4F7556}") = "Tyuiu.KonevaDD.Sprint6.Task2.V1.Test", "Tyuiu.KonevaDD.Sprint6.Task2.V1.Test\Tyuiu.KonevaDD.Sprint6.Task2.V1.Test.csproj", "{20E01034-52B2-4A67-9EAB-ED73453CD689}"
EndProject
Project("{2150E333-8FDC-42A3-9474-1A3956D46DE8}") = "Task3", "Task3", "{ACBF8667-5BC7-4069-86EC-F94FFFCC2477}"
EndProject
Project("{FAE04EC0-301F-11D3-BF4B-00C04F79EFBC}") = "Tyuiu.KonevaDD.Sprint6.Task3.V1", "Tyuiu.KonevaDD.Sprint6.Task3.V1\Tyuiu.KonevaDD.Sprint6.Task3.V1.csproj", "{B2AD051C-C0CD-4F54-88C5-BAA850D64FF4}"
EndProject
Project("{FAE04EC0-301F-11D3-BF4B-00C04F79EFBC}") = "Tyuiu.KonevaDD.Sprint6.Task3.V1.Lib", "Tyuiu.KonevaDD.Sprint6.Task3.V1.Lib\Tyuiu.KonevaDD.Sprint6.Task3.V1.Lib.csproj", "{0027402A-C8E3-4307-B8E8-B7C2683E8C38}"
EndProject
Project("{FAE04EC0-301F-11D3-BF4B-00C04F79EFBC}") = "Tyuiu.KonevaDD.Sprint6.Task3.V1.Test", "Tyuiu.KonevaDD.Sprint6.Task3.V1.Test\Tyuiu.KonevaDD.Sprint6.Task3.V1.Test.csproj", "{AF747BF1-31BA-4423-8C34-F50C2C5D1FD1}"
EndProject
Project("{2150E333-8FDC-42A3-9474-1A3956D46DE8}") = "Task4", "Task4", "{1B2620C4-5786-482C-9BB4-D68C067749EF}"
EndProject
Project("{FAE04EC0-301F-11D3-BF4B-00C04F79EFBC}") = "Tyuiu.KonevaDD.Sprint6.Task4.V6", "Tyuiu.KonevaDD.Sprint6.Task4.V6\Tyuiu.KonevaDD.Sprint6.Task4.V6.csproj", "{E79BAD18-4DE6-4A92-8B3B-C9FA28963E4A}"
EndProject
Project("{FAE04EC0-301F-11D3-BF4B-00C04F79EFBC}") = "Tyuiu.KonevaDD.Sprint6.Task4.V6.Lib", "Tyuiu.KonevaDD.Sprint6.Task4.V6.Lib\Tyuiu.KonevaDD.Sprint6.Task4.V6.Lib.csproj", "{05FB511D-8692-453D-85C5-867874CE4CD1}"
EndProject
Project("{FAE04EC0-301F-11D3-BF4B-00C04F79EFBC}") = "Tyuiu.KonevaDD.Sprint6.Task4.V6.Test", "Tyuiu.KonevaDD.Sprint6.Task4.V6.Test\Tyuiu.KonevaDD.Sprint6.Task4.V6.Test.csproj", "{D6343008-C6F1-44B6-9E00-CE3DAA7C8659}"
EndProject
Project("{2150E333-8FDC-42A3-9474-1A3956D46DE8}") = "Task5", "Task5", "{DFED79C3-8509-4CD9-AA56-568CB89F798D}"
EndProject
Project("{FAE04EC0-301F-11D3-BF4B-00C04F79EFBC}") = "Tyuiu.KonevaDD.Sprint6.Task5.V29", "Tyuiu.KonevaDD.Sprint6.Task5.V29\Tyuiu.KonevaDD.Sprint6.Task5.V29.csproj", "{380AAC3A-90EF-4398-BA75-A564D6580137}"
EndProject
Project("{FAE04EC0-301F-11D3-BF4B-00C04F79EFBC}") = "Tyuiu.KonevaDD.Sprint6.Task5.V29.Lib", "Tyuiu.KonevaDD.Sprint6.Task5.V29.Lib\Tyuiu.KonevaDD.Sprint6.Task5.V29.Lib.csproj", "{FEAF2BD2-550B-4821-96FD-608CC3E4EC58}"
EndProject
Project("{FAE04EC0-301F-11D3-BF4B-00C04F79EFBC}") = "Tyuiu.KonevaDD.Sprint6.Task5.V29.Test", "Tyuiu.KonevaDD.Sprint6.Task5.V29.Test\Tyuiu.KonevaDD.Sprint6.Task5.V29.Test.csproj", "{B894C4BC-320D-4D5D-B681-066F088DDF71}"
EndProject
Project("{2150E333-8FDC-42A3-9474-1A3956D46DE8}") = "Task6", "Task6", "{AA4BAE09-6B93-4ABC-9968-1DF3118FF95E}"
EndProject
Project("{FAE04EC0-301F-11D3-BF4B-00C04F79EFBC}") = "Tyuiu.KonevaDD.Sprint6.Task6.V8", "Tyuiu.KonevaDD.Sprint6.Task6.V8\Tyuiu.KonevaDD.Sprint6.Task6.V8.csproj", "{E8201535-9CBE-4E0F-AFF5-E3B64B935B2C}"
EndProject
Project("{FAE04EC0-301F-11D3-BF4B-00C04F79EFBC}") = "Tyuiu.KonevaDD.Sprint6.Task6.V8.Lib", "Tyuiu.KonevaDD.Sprint6.Task6.V8.Lib\Tyuiu.KonevaDD.Sprint6.Task6.V8.Lib.csproj", "{88675FA7-7F44-4137-945A-18C10CD95A2A}"
EndProject
Project("{FAE04EC0-301F-11D3-BF4B-00C04F79EFBC}") = "Tyuiu.KonevaDD.Sprint6.Task6.V8.Test", "Tyuiu.KonevaDD.Sprint6.Task6.V8.Test\Tyuiu.KonevaDD.Sprint6.Task6.V8.Test.csproj", "{3B946809-F464-4E3E-86A5-34521902DC5C}"
EndProject
Global
	GlobalSection(SolutionConfigurationPlatforms) = preSolution
		Debug|Any CPU = Debug|Any CPU
		Release|Any CPU = Release|Any CPU
	EndGlobalSection
	GlobalSection(ProjectConfigurationPlatforms) = postSolution
		{CE6D7CC5-FFBE-40FC-A677-5D494FBD21B7}.Debug|Any CPU.ActiveCfg = Debug|Any CPU
		{CE6D7CC5-FFBE-40FC-A677-5D494FBD21B7}.Debug|Any CPU.Build.0 = Debug|Any CPU
		{CE6D7CC5-FFBE-40FC-A677-5D494FBD21B7}.Release|Any CPU.ActiveCfg = Release|Any CPU
		{CE6D7CC5-FFBE-40FC-A677-5D494FBD21B7}.Release|Any CPU.Build.0 = Release|Any CPU
		{8EEDB1E1-72B7-4F4B-8FA3-E06E1C568D87}.Debug|Any CPU.ActiveCfg = Debug|Any CPU
		{8EEDB1E1-72B7-4F4B-8FA3-E06E1C568D87}.Debug|Any CPU.Build.0 = Debug|Any CPU
		{8EEDB1E1-72B7-4F4B-8FA3-E06E1C568D87}.Release|Any CPU.ActiveCfg = Release|Any CPU
		{8EEDB1E1-72B7-4F4B-8FA3-E06E1C568D87}.Release|Any CPU.Build.0 = Release|Any CPU
		{02D5553F-CE4F-4016-9E03-1AF5CD8987C4}.Debug|Any CPU.ActiveCfg = Debug|Any CPU
		{02D5553F-CE4F-4016-9E03-1AF5CD8987C4}.Debug|Any CPU.Build.0 = Debug|Any CPU
		{02D5553F-CE4F-4016-9E03-1AF5CD8987C4}.Release|Any CPU.ActiveCfg = Release|Any CPU
		{02D5553F-CE4F-4016-9E03-1AF5CD8987C4}.Release|Any CPU.Build.0 = Release|Any CPU
		{CD548E82-EF0C-4E36-BFAD-1D2362D28C85}.Debug|Any CPU.ActiveCfg = Debug|Any CPU
		{CD548E82-EF0C-4E36-BFAD-1D2362D28C85}.Debug|Any CPU.Build.0 = Debug|Any CPU
		{CD548E82-EF0C-4E36-BFAD-1D2362D28C85}.Release|Any CPU.ActiveCfg = Release|Any CPU
		{CD548E82-EF0C-4E36-BFAD-1D2362D28C85}.Release|Any CPU.Build.0 = Release|Any CPU
		{BB56EFFC-D860-4E34-8EC8-C71BE4184802}.Debug|Any CPU.ActiveCfg = Debug|Any CPU
		{BB56EFFC-D860-4E34-8EC8-C71BE4184802}.Debug|Any CPU.Build.0 = Debug|Any CPU
		{BB56EFFC-D860-4E34-8EC8-C71BE4184802}.Release|Any CPU.ActiveCfg = Release|Any CPU
		{BB56EFFC-D860-4E34-8EC8-C71BE4184802}.Release|Any CPU.Build.0 = Release|Any CPU
		{1C7DF75A-E301-4D3D-9829-6A3D8B9184AE}.Debug|Any CPU.ActiveCfg = Debug|Any CPU
		{1C7DF75A-E301-4D3D-9829-6A3D8B9184AE}.Debug|Any CPU.Build.0 = Debug|Any CPU
		{1C7DF75A-E301-4D3D-9829-6A3D8B9184AE}.Release|Any CPU.ActiveCfg = Release|Any CPU
		{1C7DF75A-E301-4D3D-9829-6A3D8B9184AE}.Release|Any CPU.Build.0 = Release|Any CPU
		{EB60B944-9E15-4D64-91F8-F7AE7F3A8D40}.Debug|Any CPU.ActiveCfg = Debug|Any CPU
		{EB60B944-9E15-4D64-91F8-F7AE7F3A8D40}.Debug|Any CPU.Build.0 = Debug|Any CPU
		{EB60B944-9E15-4D64-91F8-F7AE7F3A8D40}.Release|Any CPU.ActiveCfg = Release|Any CPU
		{EB60B944-9E15-4D64-91F8-F7AE7F3A8D40}.Release|Any CPU.Build.0 = Release|Any CPU
		{2C120183-5110-44F9-9018-67FBED237382}.Debug|Any CPU.ActiveCfg = Debug|Any CPU
		{2C120183-5110-44F9-9018-67FBED237382}.Debug|Any CPU.Build.0 = Debug|Any CPU
		{2C120183-5110-44F9-9018-67FBED237382}.Release|Any CPU.ActiveCfg = Release|Any CPU
		{2C120183-5110-44F9-9018-67FBED237382}.Release|Any CPU.Build.0 = Release|Any CPU
		{20E01034-52B2-4A67-9EAB-ED73453CD689}.Debug|Any CPU.ActiveCfg = Debug|Any CPU
		{20E01034-52B2-4A67-9EAB-ED73453CD689}.Debug|Any CPU.Build.0 = Debug|Any CPU
		{20E01034-52B2-4A67-9EAB-ED73453CD689}.Release|Any CPU.ActiveCfg = Release|Any CPU
		{20E01034-52B2-4A67-9EAB-ED73453CD689}.Release|Any CPU.Build.0 = Release|Any CPU
		{B2AD051C-C0CD-4F54-88C5-BAA850D64FF4}.Debug|Any CPU.ActiveCfg = Debug|Any CPU
		{B2AD051C-C0CD-4F54-88C5-BAA850D64FF4}.Debug|Any CPU.Build.0 = Debug|Any CPU
		{B2AD051C-C0CD-4F54-88C5-BAA850D64FF4}.Release|Any CPU.ActiveCfg = Release|Any CPU
		{B2AD051C-C0CD-4F54-88C5-BAA850D64FF4}.Release|Any CPU.Build.0 = Release|Any CPU
		{0027402A-C8E3-4307-B8E8-B7C2683E8C38}.Debug|Any CPU.ActiveCfg = Debug|Any CPU
		{0027402A-C8E3-4307-B8E8-B7C2683E8C38}.Debug|Any CPU.Build.0 = Debug|Any CPU
		{0027402A-C8E3-4307-B8E8-B7C2683E8C38}.Release|Any CPU.ActiveCfg = Release|Any CPU
		{0027402A-C8E3-4307-B8E8-B7C2683E8C38}.Release|Any CPU.Build.0 = Release|Any CPU
		{AF747BF1-31BA-4423-8C34-F50C2C5D1FD1}.Debug|Any CPU.ActiveCfg = Debug|Any CPU
		{AF747BF1-31BA-4423-8C34-F50C2C5D1FD1}.Debug|Any CPU.Build.0 = Debug|Any CPU
		{AF747BF1-31BA-4423-8C34-F50C2C5D1FD1}.Release|Any CPU.ActiveCfg = Release|Any CPU
		{AF747BF1-31BA-4423-8C34-F50C2C5D1FD1}.Release|Any CPU.Build.0 = Release|Any CPU
		{E79BAD18-4DE6-4A92-8B3B-C9FA28963E4A}.Debug|Any CPU.ActiveCfg = Debug|Any CPU
		{E79BAD18-4DE6-4A92-8B3B-C9FA28963E4A}.Debug|Any CPU.Build.0 = Debug|Any CPU
		{E79BAD18-4DE6-4A92-8B3B-C9FA28963E4A}.Release|Any CPU.ActiveCfg = Release|Any CPU
		{E79BAD18-4DE6-4A92-8B3B-C9FA28963E4A}.Release|Any CPU.Build.0 = Release|Any CPU
		{05FB511D-8692-453D-85C5-867874CE4CD1}.Debug|Any CPU.ActiveCfg = Debug|Any CPU
		{05FB511D-8692-453D-85C5-867874CE4CD1}.Debug|Any CPU.Build.0 = Debug|Any CPU
		{05FB511D-8692-453D-85C5-867874CE4CD1}.Release|Any CPU.ActiveCfg = Release|Any CPU
		{05FB511D-8692-453D-85C5-867874CE4CD1}.Release|Any CPU.Build.0 = Release|Any CPU
		{D6343008-C6F1-44B6-9E00-CE3DAA7C8659}.Debug|Any CPU.ActiveCfg = Debug|Any CPU
		{D6343008-C6F1-44B6-9E00-CE3DAA7C8659}.Debug|Any CPU.Build.0 = Debug|Any CPU
		{D6343008-C6F1-44B6-9E00-CE3DAA7C8659}.Release|Any CPU.ActiveCfg = Release|Any CPU
		{D6343008-C6F1-44B6-9E00-CE3DAA7C8659}.Release|Any CPU.Build.0 = Release|Any CPU
		{380AAC3A-90EF-4398-BA75-A564D6580137}.Debug|Any CPU.ActiveCfg = Debug|Any CPU
		{380AAC3A-90EF-4398-BA75-A564D6580137}.Debug|Any CPU.Build.0 = Debug|Any CPU
		{380AAC3A-90EF-4398-BA75-A564D6580137}.Release|Any CPU.ActiveCfg = Release|Any CPU
		{380AAC3A-90EF-4398-BA75-A564D6580137}.Release|Any CPU.Build.0 = Release|Any CPU
		{FEAF2BD2-550B-4821-96FD-608CC3E4EC58}.Debug|Any CPU.ActiveCfg = Debug|Any CPU
		{FEAF2BD2-550B-4821-96FD-608CC3E4EC58}.Debug|Any CPU.Build.0 = Debug|Any CPU
		{FEAF2BD2-550B-4821-96FD-608CC3E4EC58}.Release|Any CPU.ActiveCfg = Release|Any CPU
		{FEAF2BD2-550B-4821-96FD-608CC3E4EC58}.Release|Any CPU.Build.0 = Release|Any CPU
		{B894C4BC-320D-4D5D-B681-066F088DDF71}.Debug|Any CPU.ActiveCfg = Debug|Any CPU
		{B894C4BC-320D-4D5D-B681-066F088DDF71}.Debug|Any CPU.Build.0 = Debug|Any CPU
		{B894C4BC-320D-4D5D-B681-066F088DDF71}.Release|Any CPU.ActiveCfg = Release|Any CPU
		{B894C4BC-320D-4D5D-B681-066F088DDF71}.Release|Any CPU.Build.0 = Release|Any CPU
		{E8201535-9CBE-4E0F-AFF5-E3B64B935B2C}.Debug|Any CPU.ActiveCfg = Debug|Any CPU
		{E8201535-9CBE-4E0F-AFF5-E3B64B935B2C}.Debug|Any CPU.Build.0 = Debug|Any CPU
		{E8201535-9CBE-4E0F-AFF5-E3B64B935B2C}.Release|Any CPU.ActiveCfg = Release|Any CPU
		{E8201535-9CBE-4E0F-AFF5-E3B64B935B2C}.Release|Any CPU.Build.0 = Release|Any CPU
		{88675FA7-7F44-4137-945A-18C10CD95A2A}.Debug|Any CPU.ActiveCfg = Debug|Any CPU
		{88675FA7-7F44-4137-945A-18C10CD95A2A}.Debug|Any CPU.Build.0 = Debug|Any CPU
		{88675FA7-7F44-4137-945A-18C10CD95A2A}.Release|Any CPU.ActiveCfg = Release|Any CPU
		{88675FA7-7F44-4137-945A-18C10CD95A2A}.Release|Any CPU.Build.0 = Release|Any CPU
		{3B946809-F464-4E3E-86A5-34521902DC5C}.Debug|Any CPU.ActiveCfg = Debug|Any CPU
		{3B946809-F464-4E3E-86A5-34521902DC5C}.Debug|Any CPU.Build.0 = Debug|Any CPU
		{3B946809-F464-4E3E-86A5-34521902DC5C}.Release|Any CPU.ActiveCfg = Release|Any CPU
		{3B946809-F464-4E3E-86A5-34521902DC5C}.Release|Any CPU.Build.0 = Release|Any CPU
	EndGlobalSection
	GlobalSection(SolutionProperties) = preSolution
		HideSolutionNode = FALSE
	EndGlobalSection
	GlobalSection(NestedProjects) = preSolution
		{CE6D7CC5-FFBE-40FC-A677-5D494FBD21B7} = {9B1D6E97-EFB7-4031-8491-0E067E8E7BF2}
		{8EEDB1E1-72B7-4F4B-8FA3-E06E1C568D87} = {9B1D6E97-EFB7-4031-8491-0E067E8E7BF2}
		{02D5553F-CE4F-4016-9E03-1AF5CD8987C4} = {9B1D6E97-EFB7-4031-8491-0E067E8E7BF2}
		{CD548E82-EF0C-4E36-BFAD-1D2362D28C85} = {FE62114F-75E0-491D-A261-489F8AB50FC3}
		{BB56EFFC-D860-4E34-8EC8-C71BE4184802} = {FE62114F-75E0-491D-A261-489F8AB50FC3}
		{1C7DF75A-E301-4D3D-9829-6A3D8B9184AE} = {FE62114F-75E0-491D-A261-489F8AB50FC3}
		{EB60B944-9E15-4D64-91F8-F7AE7F3A8D40} = {2BF5E69F-CC7E-4FD0-B9F8-F2BA059773C3}
		{2C120183-5110-44F9-9018-67FBED237382} = {2BF5E69F-CC7E-4FD0-B9F8-F2BA059773C3}
		{20E01034-52B2-4A67-9EAB-ED73453CD689} = {2BF5E69F-CC7E-4FD0-B9F8-F2BA059773C3}
		{B2AD051C-C0CD-4F54-88C5-BAA850D64FF4} = {ACBF8667-5BC7-4069-86EC-F94FFFCC2477}
		{0027402A-C8E3-4307-B8E8-B7C2683E8C38} = {ACBF8667-5BC7-4069-86EC-F94FFFCC2477}
		{AF747BF1-31BA-4423-8C34-F50C2C5D1FD1} = {ACBF8667-5BC7-4069-86EC-F94FFFCC2477}
		{E79BAD18-4DE6-4A92-8B3B-C9FA28963E4A} = {1B2620C4-5786-482C-9BB4-D68C067749EF}
		{05FB511D-8692-453D-85C5-867874CE4CD1} = {1B2620C4-5786-482C-9BB4-D68C067749EF}
		{D6343008-C6F1-44B6-9E00-CE3DAA7C8659} = {1B2620C4-5786-482C-9BB4-D68C067749EF}
		{380AAC3A-90EF-4398-BA75-A564D6580137} = {DFED79C3-8509-4CD9-AA56-568CB89F798D}
		{FEAF2BD2-550B-4821-96FD-608CC3E4EC58} = {DFED79C3-8509-4CD9-AA56-568CB89F798D}
		{B894C4BC-320D-4D5D-B681-066F088DDF71} = {DFED79C3-8509-4CD9-AA56-568CB89F798D}
		{E8201535-9CBE-4E0F-AFF5-E3B64B935B2C} = {AA4BAE09-6B93-4ABC-9968-1DF3118FF95E}
		{88675FA7-7F44-4137-945A-18C10CD95A2A} = {AA4BAE09-6B93-4ABC-9968-1DF3118FF95E}
		{3B946809-F464-4E3E-86A5-34521902DC5C} = {AA4BAE09-6B93-4ABC-9968-1DF3118FF95E}
	EndGlobalSection
	GlobalSection(ExtensibilityGlobals) = postSolution
		SolutionGuid = {C224DA78-D887-4B38-B6F0-3A986E6F50F5}
	EndGlobalSection
EndGlobal
